// !$*UTF8*$!
{
	archiveVersion = 1;
	classes = {
	};
	objectVersion = 50;
	objects = {

/* Begin PBXBuildFile section */
		B02B15D221264E3D00FDE97C /* AppDelegate.swift in Sources */ = {isa = PBXBuildFile; fileRef = B02B15D121264E3D00FDE97C /* AppDelegate.swift */; };
		B02B15D421264E3D00FDE97C /* ViewController.swift in Sources */ = {isa = PBXBuildFile; fileRef = B02B15D321264E3D00FDE97C /* ViewController.swift */; };
		B02B15D721264E3D00FDE97C /* Main.storyboard in Resources */ = {isa = PBXBuildFile; fileRef = B02B15D521264E3D00FDE97C /* Main.storyboard */; };
		B02B15D921264E3E00FDE97C /* Assets.xcassets in Resources */ = {isa = PBXBuildFile; fileRef = B02B15D821264E3E00FDE97C /* Assets.xcassets */; };
		B02B15DC21264E3E00FDE97C /* LaunchScreen.storyboard in Resources */ = {isa = PBXBuildFile; fileRef = B02B15DA21264E3E00FDE97C /* LaunchScreen.storyboard */; };
		B0E0348C212654D100ED36AA /* EndpointRouter.swift in Sources */ = {isa = PBXBuildFile; fileRef = B0E0348B212654D100ED36AA /* EndpointRouter.swift */; };
		B0E0348E212658A800ED36AA /* MovieRouter.swift in Sources */ = {isa = PBXBuildFile; fileRef = B0E0348D212658A800ED36AA /* MovieRouter.swift */; };
		BFE27740423435B52E602C97 /* Pods_MovieApp.framework in Frameworks */ = {isa = PBXBuildFile; fileRef = 99BCC4B0A5E368C50CA24751 /* Pods_MovieApp.framework */; };
/* End PBXBuildFile section */

/* Begin PBXFileReference section */
		49F0B8614C63B2159DD89A7A /* Pods-MovieApp.release.xcconfig */ = {isa = PBXFileReference; includeInIndex = 1; lastKnownFileType = text.xcconfig; name = "Pods-MovieApp.release.xcconfig"; path = "Pods/Target Support Files/Pods-MovieApp/Pods-MovieApp.release.xcconfig"; sourceTree = "<group>"; };
		99BCC4B0A5E368C50CA24751 /* Pods_MovieApp.framework */ = {isa = PBXFileReference; explicitFileType = wrapper.framework; includeInIndex = 0; path = Pods_MovieApp.framework; sourceTree = BUILT_PRODUCTS_DIR; };
		B02B15CE21264E3D00FDE97C /* MovieApp.app */ = {isa = PBXFileReference; explicitFileType = wrapper.application; includeInIndex = 0; path = MovieApp.app; sourceTree = BUILT_PRODUCTS_DIR; };
		B02B15D121264E3D00FDE97C /* AppDelegate.swift */ = {isa = PBXFileReference; lastKnownFileType = sourcecode.swift; path = AppDelegate.swift; sourceTree = "<group>"; };
		B02B15D321264E3D00FDE97C /* ViewController.swift */ = {isa = PBXFileReference; lastKnownFileType = sourcecode.swift; path = ViewController.swift; sourceTree = "<group>"; };
		B02B15D621264E3D00FDE97C /* Base */ = {isa = PBXFileReference; lastKnownFileType = file.storyboard; name = Base; path = Base.lproj/Main.storyboard; sourceTree = "<group>"; };
		B02B15D821264E3E00FDE97C /* Assets.xcassets */ = {isa = PBXFileReference; lastKnownFileType = folder.assetcatalog; path = Assets.xcassets; sourceTree = "<group>"; };
		B02B15DB21264E3E00FDE97C /* Base */ = {isa = PBXFileReference; lastKnownFileType = file.storyboard; name = Base; path = Base.lproj/LaunchScreen.storyboard; sourceTree = "<group>"; };
		B02B15DD21264E3E00FDE97C /* Info.plist */ = {isa = PBXFileReference; lastKnownFileType = text.plist.xml; path = Info.plist; sourceTree = "<group>"; };
		B053B4D780E72052C80EFEBB /* Pods-MovieApp.debug.xcconfig */ = {isa = PBXFileReference; includeInIndex = 1; lastKnownFileType = text.xcconfig; name = "Pods-MovieApp.debug.xcconfig"; path = "Pods/Target Support Files/Pods-MovieApp/Pods-MovieApp.debug.xcconfig"; sourceTree = "<group>"; };
		B0E0348B212654D100ED36AA /* EndpointRouter.swift */ = {isa = PBXFileReference; lastKnownFileType = sourcecode.swift; path = EndpointRouter.swift; sourceTree = "<group>"; };
		B0E0348D212658A800ED36AA /* MovieRouter.swift */ = {isa = PBXFileReference; lastKnownFileType = sourcecode.swift; path = MovieRouter.swift; sourceTree = "<group>"; };
/* End PBXFileReference section */

/* Begin PBXFrameworksBuildPhase section */
		B02B15CB21264E3D00FDE97C /* Frameworks */ = {
			isa = PBXFrameworksBuildPhase;
			buildActionMask = 2147483647;
			files = (
				BFE27740423435B52E602C97 /* Pods_MovieApp.framework in Frameworks */,
			);
			runOnlyForDeploymentPostprocessing = 0;
		};
/* End PBXFrameworksBuildPhase section */

/* Begin PBXGroup section */
		0D8DC14421D9F33412FCC236 /* Frameworks */ = {
			isa = PBXGroup;
			children = (
				99BCC4B0A5E368C50CA24751 /* Pods_MovieApp.framework */,
			);
			name = Frameworks;
			sourceTree = "<group>";
		};
		A4BC41F83E421647F4651684 /* Pods */ = {
			isa = PBXGroup;
			children = (
				B053B4D780E72052C80EFEBB /* Pods-MovieApp.debug.xcconfig */,
				49F0B8614C63B2159DD89A7A /* Pods-MovieApp.release.xcconfig */,
			);
			name = Pods;
			sourceTree = "<group>";
		};
		B02B15C521264E3D00FDE97C = {
			isa = PBXGroup;
			children = (
				B02B15D021264E3D00FDE97C /* MovieApp */,
				B02B15CF21264E3D00FDE97C /* Products */,
				A4BC41F83E421647F4651684 /* Pods */,
				0D8DC14421D9F33412FCC236 /* Frameworks */,
			);
			sourceTree = "<group>";
		};
		B02B15CF21264E3D00FDE97C /* Products */ = {
			isa = PBXGroup;
			children = (
				B02B15CE21264E3D00FDE97C /* MovieApp.app */,
			);
			name = Products;
			sourceTree = "<group>";
		};
		B02B15D021264E3D00FDE97C /* MovieApp */ = {
			isa = PBXGroup;
			children = (
				B02B15D121264E3D00FDE97C /* AppDelegate.swift */,
				B0E03487212653A100ED36AA /* Networking */,
				B0E03489212653C000ED36AA /* Storyboards */,
				B0E03488212653AB00ED36AA /* Supporting Files */,
				B0E034852126525E00ED36AA /* View Controllers */,
				B0E034862126539A00ED36AA /* View Models */,
			);
			path = MovieApp;
			sourceTree = "<group>";
		};
		B0E034852126525E00ED36AA /* View Controllers */ = {
			isa = PBXGroup;
			children = (
				B02B15D321264E3D00FDE97C /* ViewController.swift */,
			);
			name = "View Controllers";
			sourceTree = "<group>";
		};
		B0E034862126539A00ED36AA /* View Models */ = {
			isa = PBXGroup;
			children = (
			);
			name = "View Models";
			sourceTree = "<group>";
		};
		B0E03487212653A100ED36AA /* Networking */ = {
			isa = PBXGroup;
			children = (
				B0E0348A2126547600ED36AA /* Response Models */,
				B0E0348F21265AFF00ED36AA /* Routers */,
				B0E0349021265B0800ED36AA /* Services */,
			);
			name = Networking;
			sourceTree = "<group>";
		};
		B0E03488212653AB00ED36AA /* Supporting Files */ = {
			isa = PBXGroup;
			children = (
				B02B15D821264E3E00FDE97C /* Assets.xcassets */,
				B02B15DD21264E3E00FDE97C /* Info.plist */,
			);
			name = "Supporting Files";
			sourceTree = "<group>";
		};
		B0E03489212653C000ED36AA /* Storyboards */ = {
			isa = PBXGroup;
			children = (
				B02B15DA21264E3E00FDE97C /* LaunchScreen.storyboard */,
				B02B15D521264E3D00FDE97C /* Main.storyboard */,
			);
			name = Storyboards;
			sourceTree = "<group>";
		};
		B0E0348A2126547600ED36AA /* Response Models */ = {
			isa = PBXGroup;
			children = (
			);
			name = "Response Models";
			sourceTree = "<group>";
		};
		B0E0348F21265AFF00ED36AA /* Routers */ = {
			isa = PBXGroup;
			children = (
				B0E0348B212654D100ED36AA /* EndpointRouter.swift */,
				B0E0348D212658A800ED36AA /* MovieRouter.swift */,
			);
			name = Routers;
			sourceTree = "<group>";
		};
/* End PBXGroup section */

/* Begin PBXNativeTarget section */
		B02B15CD21264E3D00FDE97C /* MovieApp */ = {
			isa = PBXNativeTarget;
			buildConfigurationList = B02B15E021264E3E00FDE97C /* Build configuration list for PBXNativeTarget "MovieApp" */;
			buildPhases = (
				1186DBE6F38002DA5F702E3C /* [CP] Check Pods Manifest.lock */,
				B02B15CA21264E3D00FDE97C /* Sources */,
				B02B15CB21264E3D00FDE97C /* Frameworks */,
				B02B15CC21264E3D00FDE97C /* Resources */,
				D2ED001E4E4666A7C2C843AE /* [CP] Embed Pods Frameworks */,
			);
			buildRules = (
			);
			dependencies = (
			);
			name = MovieApp;
			productName = MovieApp;
			productReference = B02B15CE21264E3D00FDE97C /* MovieApp.app */;
			productType = "com.apple.product-type.application";
		};
/* End PBXNativeTarget section */

/* Begin PBXProject section */
		B02B15C621264E3D00FDE97C /* Project object */ = {
			isa = PBXProject;
			attributes = {
				LastSwiftUpdateCheck = 0940;
				LastUpgradeCheck = 0940;
				ORGANIZATIONNAME = yuriramocan;
				TargetAttributes = {
					B02B15CD21264E3D00FDE97C = {
						CreatedOnToolsVersion = 9.4.1;
					};
				};
			};
			buildConfigurationList = B02B15C921264E3D00FDE97C /* Build configuration list for PBXProject "MovieApp" */;
			compatibilityVersion = "Xcode 9.3";
			developmentRegion = en;
			hasScannedForEncodings = 0;
			knownRegions = (
				en,
				Base,
			);
			mainGroup = B02B15C521264E3D00FDE97C;
			productRefGroup = B02B15CF21264E3D00FDE97C /* Products */;
			projectDirPath = "";
			projectRoot = "";
			targets = (
				B02B15CD21264E3D00FDE97C /* MovieApp */,
			);
		};
/* End PBXProject section */

/* Begin PBXResourcesBuildPhase section */
		B02B15CC21264E3D00FDE97C /* Resources */ = {
			isa = PBXResourcesBuildPhase;
			buildActionMask = 2147483647;
			files = (
				B02B15DC21264E3E00FDE97C /* LaunchScreen.storyboard in Resources */,
				B02B15D921264E3E00FDE97C /* Assets.xcassets in Resources */,
				B02B15D721264E3D00FDE97C /* Main.storyboard in Resources */,
			);
			runOnlyForDeploymentPostprocessing = 0;
		};
/* End PBXResourcesBuildPhase section */

/* Begin PBXShellScriptBuildPhase section */
		1186DBE6F38002DA5F702E3C /* [CP] Check Pods Manifest.lock */ = {
			isa = PBXShellScriptBuildPhase;
			buildActionMask = 2147483647;
			files = (
			);
			inputPaths = (
				"${PODS_PODFILE_DIR_PATH}/Podfile.lock",
				"${PODS_ROOT}/Manifest.lock",
			);
			name = "[CP] Check Pods Manifest.lock";
			outputPaths = (
				"$(DERIVED_FILE_DIR)/Pods-MovieApp-checkManifestLockResult.txt",
			);
			runOnlyForDeploymentPostprocessing = 0;
			shellPath = /bin/sh;
			shellScript = "diff \"${PODS_PODFILE_DIR_PATH}/Podfile.lock\" \"${PODS_ROOT}/Manifest.lock\" > /dev/null\nif [ $? != 0 ] ; then\n    # print error to STDERR\n    echo \"error: The sandbox is not in sync with the Podfile.lock. Run 'pod install' or update your CocoaPods installation.\" >&2\n    exit 1\nfi\n# This output is used by Xcode 'outputs' to avoid re-running this script phase.\necho \"SUCCESS\" > \"${SCRIPT_OUTPUT_FILE_0}\"\n";
			showEnvVarsInLog = 0;
		};
		D2ED001E4E4666A7C2C843AE /* [CP] Embed Pods Frameworks */ = {
			isa = PBXShellScriptBuildPhase;
			buildActionMask = 2147483647;
			files = (
			);
			inputPaths = (
				"${SRCROOT}/Pods/Target Support Files/Pods-MovieApp/Pods-MovieApp-frameworks.sh",
				"${BUILT_PRODUCTS_DIR}/Alamofire/Alamofire.framework",
			);
			name = "[CP] Embed Pods Frameworks";
			outputPaths = (
				"${TARGET_BUILD_DIR}/${FRAMEWORKS_FOLDER_PATH}/Alamofire.framework",
			);
			runOnlyForDeploymentPostprocessing = 0;
			shellPath = /bin/sh;
			shellScript = "\"${SRCROOT}/Pods/Target Support Files/Pods-MovieApp/Pods-MovieApp-frameworks.sh\"\n";
			showEnvVarsInLog = 0;
		};
/* End PBXShellScriptBuildPhase section */

/* Begin PBXSourcesBuildPhase section */
		B02B15CA21264E3D00FDE97C /* Sources */ = {
			isa = PBXSourcesBuildPhase;
			buildActionMask = 2147483647;
			files = (
				B02B15D421264E3D00FDE97C /* ViewController.swift in Sources */,
				B0E0348E212658A800ED36AA /* MovieRouter.swift in Sources */,
				B02B15D221264E3D00FDE97C /* AppDelegate.swift in Sources */,
				B0E0348C212654D100ED36AA /* EndpointRouter.swift in Sources */,
			);
			runOnlyForDeploymentPostprocessing = 0;
		};
/* End PBXSourcesBuildPhase section */

/* Begin PBXVariantGroup section */
		B02B15D521264E3D00FDE97C /* Main.storyboard */ = {
			isa = PBXVariantGroup;
			children = (
				B02B15D621264E3D00FDE97C /* Base */,
			);
			name = Main.storyboard;
			sourceTree = "<group>";
		};
		B02B15DA21264E3E00FDE97C /* LaunchScreen.storyboard */ = {
			isa = PBXVariantGroup;
			children = (
				B02B15DB21264E3E00FDE97C /* Base */,
			);
			name = LaunchScreen.storyboard;
			sourceTree = "<group>";
		};
/* End PBXVariantGroup section */

/* Begin XCBuildConfiguration section */
		B02B15DE21264E3E00FDE97C /* Debug */ = {
			isa = XCBuildConfiguration;
			buildSettings = {
				ALWAYS_SEARCH_USER_PATHS = NO;
				CLANG_ANALYZER_NONNULL = YES;
				CLANG_ANALYZER_NUMBER_OBJECT_CONVERSION = YES_AGGRESSIVE;
				CLANG_CXX_LANGUAGE_STANDARD = "gnu++14";
				CLANG_CXX_LIBRARY = "libc++";
				CLANG_ENABLE_MODULES = YES;
				CLANG_ENABLE_OBJC_ARC = YES;
				CLANG_ENABLE_OBJC_WEAK = YES;
				CLANG_WARN_BLOCK_CAPTURE_AUTORELEASING = YES;
				CLANG_WARN_BOOL_CONVERSION = YES;
				CLANG_WARN_COMMA = YES;
				CLANG_WARN_CONSTANT_CONVERSION = YES;
				CLANG_WARN_DEPRECATED_OBJC_IMPLEMENTATIONS = YES;
				CLANG_WARN_DIRECT_OBJC_ISA_USAGE = YES_ERROR;
				CLANG_WARN_DOCUMENTATION_COMMENTS = YES;
				CLANG_WARN_EMPTY_BODY = YES;
				CLANG_WARN_ENUM_CONVERSION = YES;
				CLANG_WARN_INFINITE_RECURSION = YES;
				CLANG_WARN_INT_CONVERSION = YES;
				CLANG_WARN_NON_LITERAL_NULL_CONVERSION = YES;
				CLANG_WARN_OBJC_IMPLICIT_RETAIN_SELF = YES;
				CLANG_WARN_OBJC_LITERAL_CONVERSION = YES;
				CLANG_WARN_OBJC_ROOT_CLASS = YES_ERROR;
				CLANG_WARN_RANGE_LOOP_ANALYSIS = YES;
				CLANG_WARN_STRICT_PROTOTYPES = YES;
				CLANG_WARN_SUSPICIOUS_MOVE = YES;
				CLANG_WARN_UNGUARDED_AVAILABILITY = YES_AGGRESSIVE;
				CLANG_WARN_UNREACHABLE_CODE = YES;
				CLANG_WARN__DUPLICATE_METHOD_MATCH = YES;
				CODE_SIGN_IDENTITY = "iPhone Developer";
				COPY_PHASE_STRIP = NO;
				DEBUG_INFORMATION_FORMAT = dwarf;
				ENABLE_STRICT_OBJC_MSGSEND = YES;
				ENABLE_TESTABILITY = YES;
				GCC_C_LANGUAGE_STANDARD = gnu11;
				GCC_DYNAMIC_NO_PIC = NO;
				GCC_NO_COMMON_BLOCKS = YES;
				GCC_OPTIMIZATION_LEVEL = 0;
				GCC_PREPROCESSOR_DEFINITIONS = (
					"DEBUG=1",
					"$(inherited)",
				);
				GCC_WARN_64_TO_32_BIT_CONVERSION = YES;
				GCC_WARN_ABOUT_RETURN_TYPE = YES_ERROR;
				GCC_WARN_UNDECLARED_SELECTOR = YES;
				GCC_WARN_UNINITIALIZED_AUTOS = YES_AGGRESSIVE;
				GCC_WARN_UNUSED_FUNCTION = YES;
				GCC_WARN_UNUSED_VARIABLE = YES;
				IPHONEOS_DEPLOYMENT_TARGET = 11.4;
				MTL_ENABLE_DEBUG_INFO = YES;
				ONLY_ACTIVE_ARCH = YES;
				SDKROOT = iphoneos;
				SWIFT_ACTIVE_COMPILATION_CONDITIONS = DEBUG;
				SWIFT_OPTIMIZATION_LEVEL = "-Onone";
			};
			name = Debug;
		};
		B02B15DF21264E3E00FDE97C /* Release */ = {
			isa = XCBuildConfiguration;
			buildSettings = {
				ALWAYS_SEARCH_USER_PATHS = NO;
				CLANG_ANALYZER_NONNULL = YES;
				CLANG_ANALYZER_NUMBER_OBJECT_CONVERSION = YES_AGGRESSIVE;
				CLANG_CXX_LANGUAGE_STANDARD = "gnu++14";
				CLANG_CXX_LIBRARY = "libc++";
				CLANG_ENABLE_MODULES = YES;
				CLANG_ENABLE_OBJC_ARC = YES;
				CLANG_ENABLE_OBJC_WEAK = YES;
				CLANG_WARN_BLOCK_CAPTURE_AUTORELEASING = YES;
				CLANG_WARN_BOOL_CONVERSION = YES;
				CLANG_WARN_COMMA = YES;
				CLANG_WARN_CONSTANT_CONVERSION = YES;
				CLANG_WARN_DEPRECATED_OBJC_IMPLEMENTATIONS = YES;
				CLANG_WARN_DIRECT_OBJC_ISA_USAGE = YES_ERROR;
				CLANG_WARN_DOCUMENTATION_COMMENTS = YES;
				CLANG_WARN_EMPTY_BODY = YES;
				CLANG_WARN_ENUM_CONVERSION = YES;
				CLANG_WARN_INFINITE_RECURSION = YES;
				CLANG_WARN_INT_CONVERSION = YES;
				CLANG_WARN_NON_LITERAL_NULL_CONVERSION = YES;
				CLANG_WARN_OBJC_IMPLICIT_RETAIN_SELF = YES;
				CLANG_WARN_OBJC_LITERAL_CONVERSION = YES;
				CLANG_WARN_OBJC_ROOT_CLASS = YES_ERROR;
				CLANG_WARN_RANGE_LOOP_ANALYSIS = YES;
				CLANG_WARN_STRICT_PROTOTYPES = YES;
				CLANG_WARN_SUSPICIOUS_MOVE = YES;
				CLANG_WARN_UNGUARDED_AVAILABILITY = YES_AGGRESSIVE;
				CLANG_WARN_UNREACHABLE_CODE = YES;
				CLANG_WARN__DUPLICATE_METHOD_MATCH = YES;
				CODE_SIGN_IDENTITY = "iPhone Developer";
				COPY_PHASE_STRIP = NO;
				DEBUG_INFORMATION_FORMAT = "dwarf-with-dsym";
				ENABLE_NS_ASSERTIONS = NO;
				ENABLE_STRICT_OBJC_MSGSEND = YES;
				GCC_C_LANGUAGE_STANDARD = gnu11;
				GCC_NO_COMMON_BLOCKS = YES;
				GCC_WARN_64_TO_32_BIT_CONVERSION = YES;
				GCC_WARN_ABOUT_RETURN_TYPE = YES_ERROR;
				GCC_WARN_UNDECLARED_SELECTOR = YES;
				GCC_WARN_UNINITIALIZED_AUTOS = YES_AGGRESSIVE;
				GCC_WARN_UNUSED_FUNCTION = YES;
				GCC_WARN_UNUSED_VARIABLE = YES;
				IPHONEOS_DEPLOYMENT_TARGET = 11.4;
				MTL_ENABLE_DEBUG_INFO = NO;
				SDKROOT = iphoneos;
				SWIFT_COMPILATION_MODE = wholemodule;
				SWIFT_OPTIMIZATION_LEVEL = "-O";
				VALIDATE_PRODUCT = YES;
			};
			name = Release;
		};
		B02B15E121264E3E00FDE97C /* Debug */ = {
			isa = XCBuildConfiguration;
			baseConfigurationReference = B053B4D780E72052C80EFEBB /* Pods-MovieApp.debug.xcconfig */;
			buildSettings = {
				ASSETCATALOG_COMPILER_APPICON_NAME = AppIcon;
				CODE_SIGN_STYLE = Automatic;
				DEVELOPMENT_TEAM = JFW9B39RP7;
				INFOPLIST_FILE = MovieApp/Info.plist;
				LD_RUNPATH_SEARCH_PATHS = (
					"$(inherited)",
					"@executable_path/Frameworks",
				);
				PRODUCT_BUNDLE_IDENTIFIER = com.yuriramocan.MovieApp;
				PRODUCT_NAME = "$(TARGET_NAME)";
				SWIFT_VERSION = 4.0;
				TARGETED_DEVICE_FAMILY = "1,2";
			};
			name = Debug;
		};
		B02B15E221264E3E00FDE97C /* Release */ = {
			isa = XCBuildConfiguration;
			baseConfigurationReference = 49F0B8614C63B2159DD89A7A /* Pods-MovieApp.release.xcconfig */;
			buildSettings = {
				ASSETCATALOG_COMPILER_APPICON_NAME = AppIcon;
				CODE_SIGN_STYLE = Automatic;
				DEVELOPMENT_TEAM = JFW9B39RP7;
				INFOPLIST_FILE = MovieApp/Info.plist;
				LD_RUNPATH_SEARCH_PATHS = (
					"$(inherited)",
					"@executable_path/Frameworks",
				);
				PRODUCT_BUNDLE_IDENTIFIER = com.yuriramocan.MovieApp;
				PRODUCT_NAME = "$(TARGET_NAME)";
				SWIFT_VERSION = 4.0;
				TARGETED_DEVICE_FAMILY = "1,2";
			};
			name = Release;
		};
/* End XCBuildConfiguration section */

/* Begin XCConfigurationList section */
		B02B15C921264E3D00FDE97C /* Build configuration list for PBXProject "MovieApp" */ = {
			isa = XCConfigurationList;
			buildConfigurations = (
				B02B15DE21264E3E00FDE97C /* Debug */,
				B02B15DF21264E3E00FDE97C /* Release */,
			);
			defaultConfigurationIsVisible = 0;
			defaultConfigurationName = Release;
		};
		B02B15E021264E3E00FDE97C /* Build configuration list for PBXNativeTarget "MovieApp" */ = {
			isa = XCConfigurationList;
			buildConfigurations = (
				B02B15E121264E3E00FDE97C /* Debug */,
				B02B15E221264E3E00FDE97C /* Release */,
			);
			defaultConfigurationIsVisible = 0;
			defaultConfigurationName = Release;
		};
/* End XCConfigurationList section */
	};
	rootObject = B02B15C621264E3D00FDE97C /* Project object */;
}
